
Microsoft Visual Studio Solution File, Format Version 12.00
# Visual Studio 15
VisualStudioVersion = 15.0.28307.1209
MinimumVisualStudioVersion = 10.0.40219.1
Project("{9A19103F-16F7-4668-BE54-9A1E7A4F7556}") = "MVCCRUDExample", "MVCCRUD\MVCCRUDExample.csproj", "{BDE8FA67-5FAA-46AB-8813-DAC975FA1733}"
EndProject
Global
	GlobalSection(SolutionConfigurationPlatforms) = preSolution
		Debug|Any CPU = Debug|Any CPU
		Release|Any CPU = Release|Any CPU
	EndGlobalSection
	GlobalSection(ProjectConfigurationPlatforms) = postSolution
		{BDE8FA67-5FAA-46AB-8813-DAC975FA1733}.Debug|Any CPU.ActiveCfg = Debug|Any CPU
		{BDE8FA67-5FAA-46AB-8813-DAC975FA1733}.Debug|Any CPU.Build.0 = Debug|Any CPU
		{BDE8FA67-5FAA-46AB-8813-DAC975FA1733}.Release|Any CPU.ActiveCfg = Release|Any CPU
		{BDE8FA67-5FAA-46AB-8813-DAC975FA1733}.Release|Any CPU.Build.0 = Release|Any CPU
	EndGlobalSection
	GlobalSection(SolutionProperties) = preSolution
		HideSolutionNode = FALSE
	EndGlobalSection
	GlobalSection(ExtensibilityGlobals) = postSolution
		SolutionGuid = {5BEE1014-18D7-4E88-9DA2-A89EEEC90B3F}
	EndGlobalSection
EndGlobal
